// !$*UTF8*$!
{
	archiveVersion = 1;
	classes = {
	};
	objectVersion = 56;
	objects = {

/* Begin PBXBuildFile section */
		6D44871FF6BBC3211736F76F /* Pods_JuniorMathFac.framework in Frameworks */ = {isa = PBXBuildFile; fileRef = 0BDEC73BECA1505F1A42C2AF /* Pods_JuniorMathFac.framework */; };
		7509C1092BAB0A1100E6A573 /* TProfileSettingsView.swift in Sources */ = {isa = PBXBuildFile; fileRef = 7509C1082BAB0A1100E6A573 /* TProfileSettingsView.swift */; };
		755E33932B80BFA700488ECD /* RegistrationView.swift in Sources */ = {isa = PBXBuildFile; fileRef = 755E33922B80BFA700488ECD /* RegistrationView.swift */; };
		755F6C1A2BA02DD9005B476D /* TMainScreenView.swift in Sources */ = {isa = PBXBuildFile; fileRef = 755F6C192BA02DD9005B476D /* TMainScreenView.swift */; };
		755F6C1C2BA036D2005B476D /* Assets.xcassets in Resources */ = {isa = PBXBuildFile; fileRef = 755F6C1B2BA036D2005B476D /* Assets.xcassets */; };
		755F6C382BA2C78F005B476D /* TRulesView.swift in Sources */ = {isa = PBXBuildFile; fileRef = 755F6C372BA2C78F005B476D /* TRulesView.swift */; };
		757A8D022BB4765500E3DF74 /* CustomButton.swift in Sources */ = {isa = PBXBuildFile; fileRef = 757A8CFF2BB4765500E3DF74 /* CustomButton.swift */; };
		757A8D032BB4765500E3DF74 /* CustomHeaderTitle.swift in Sources */ = {isa = PBXBuildFile; fileRef = 757A8D002BB4765500E3DF74 /* CustomHeaderTitle.swift */; };
		75B38DFF2B0B534A000CF6EF /* AppDelegate.swift in Sources */ = {isa = PBXBuildFile; fileRef = 75B38DFE2B0B534A000CF6EF /* AppDelegate.swift */; };
		75B38E012B0B534A000CF6EF /* SceneDelegate.swift in Sources */ = {isa = PBXBuildFile; fileRef = 75B38E002B0B534A000CF6EF /* SceneDelegate.swift */; };
		75B38E032B0B534A000CF6EF /* ViewController.swift in Sources */ = {isa = PBXBuildFile; fileRef = 75B38E022B0B534A000CF6EF /* ViewController.swift */; };
		75B38E0B2B0B534D000CF6EF /* LaunchScreen.storyboard in Resources */ = {isa = PBXBuildFile; fileRef = 75B38E092B0B534D000CF6EF /* LaunchScreen.storyboard */; };
/* End PBXBuildFile section */

/* Begin PBXFileReference section */
		0BDEC73BECA1505F1A42C2AF /* Pods_JuniorMathFac.framework */ = {isa = PBXFileReference; explicitFileType = wrapper.framework; includeInIndex = 0; path = Pods_JuniorMathFac.framework; sourceTree = BUILT_PRODUCTS_DIR; };
		7509C1082BAB0A1100E6A573 /* TProfileSettingsView.swift */ = {isa = PBXFileReference; lastKnownFileType = sourcecode.swift; path = TProfileSettingsView.swift; sourceTree = "<group>"; };
		755E33922B80BFA700488ECD /* RegistrationView.swift */ = {isa = PBXFileReference; lastKnownFileType = sourcecode.swift; path = RegistrationView.swift; sourceTree = "<group>"; };
		755F6C192BA02DD9005B476D /* TMainScreenView.swift */ = {isa = PBXFileReference; lastKnownFileType = sourcecode.swift; path = TMainScreenView.swift; sourceTree = "<group>"; };
		755F6C1B2BA036D2005B476D /* Assets.xcassets */ = {isa = PBXFileReference; lastKnownFileType = folder.assetcatalog; path = Assets.xcassets; sourceTree = "<group>"; };
		755F6C372BA2C78F005B476D /* TRulesView.swift */ = {isa = PBXFileReference; lastKnownFileType = sourcecode.swift; path = TRulesView.swift; sourceTree = "<group>"; };
		757A8CFF2BB4765500E3DF74 /* CustomButton.swift */ = {isa = PBXFileReference; fileEncoding = 4; lastKnownFileType = sourcecode.swift; path = CustomButton.swift; sourceTree = "<group>"; };
		757A8D002BB4765500E3DF74 /* CustomHeaderTitle.swift */ = {isa = PBXFileReference; fileEncoding = 4; lastKnownFileType = sourcecode.swift; path = CustomHeaderTitle.swift; sourceTree = "<group>"; };
		75B38DFB2B0B534A000CF6EF /* JuniorMathFac.app */ = {isa = PBXFileReference; explicitFileType = wrapper.application; includeInIndex = 0; path = JuniorMathFac.app; sourceTree = BUILT_PRODUCTS_DIR; };
		75B38DFE2B0B534A000CF6EF /* AppDelegate.swift */ = {isa = PBXFileReference; lastKnownFileType = sourcecode.swift; path = AppDelegate.swift; sourceTree = "<group>"; };
		75B38E002B0B534A000CF6EF /* SceneDelegate.swift */ = {isa = PBXFileReference; lastKnownFileType = sourcecode.swift; path = SceneDelegate.swift; sourceTree = "<group>"; };
		75B38E022B0B534A000CF6EF /* ViewController.swift */ = {isa = PBXFileReference; lastKnownFileType = sourcecode.swift; path = ViewController.swift; sourceTree = "<group>"; };
		75B38E0A2B0B534D000CF6EF /* Base */ = {isa = PBXFileReference; lastKnownFileType = file.storyboard; name = Base; path = Base.lproj/LaunchScreen.storyboard; sourceTree = "<group>"; };
		75B38E0C2B0B534D000CF6EF /* Info.plist */ = {isa = PBXFileReference; lastKnownFileType = text.plist.xml; path = Info.plist; sourceTree = "<group>"; };
		B953FC961EC183AA4A3B230E /* Pods-JuniorMathFac.debug.xcconfig */ = {isa = PBXFileReference; includeInIndex = 1; lastKnownFileType = text.xcconfig; name = "Pods-JuniorMathFac.debug.xcconfig"; path = "Target Support Files/Pods-JuniorMathFac/Pods-JuniorMathFac.debug.xcconfig"; sourceTree = "<group>"; };
		D35CE2AC5C34096531F476B6 /* Pods-JuniorMathFac.release.xcconfig */ = {isa = PBXFileReference; includeInIndex = 1; lastKnownFileType = text.xcconfig; name = "Pods-JuniorMathFac.release.xcconfig"; path = "Target Support Files/Pods-JuniorMathFac/Pods-JuniorMathFac.release.xcconfig"; sourceTree = "<group>"; };
/* End PBXFileReference section */

/* Begin PBXFrameworksBuildPhase section */
		75B38DF82B0B534A000CF6EF /* Frameworks */ = {
			isa = PBXFrameworksBuildPhase;
			buildActionMask = 2147483647;
			files = (
				6D44871FF6BBC3211736F76F /* Pods_JuniorMathFac.framework in Frameworks */,
			);
			runOnlyForDeploymentPostprocessing = 0;
		};
/* End PBXFrameworksBuildPhase section */

/* Begin PBXGroup section */
		14CF9CCA6E1B745809F5B2DB /* Frameworks */ = {
			isa = PBXGroup;
			children = (
				0BDEC73BECA1505F1A42C2AF /* Pods_JuniorMathFac.framework */,
			);
			name = Frameworks;
			sourceTree = "<group>";
		};
		6BAF68981125FCAF5AA01F08 /* Pods */ = {
			isa = PBXGroup;
			children = (
				B953FC961EC183AA4A3B230E /* Pods-JuniorMathFac.debug.xcconfig */,
				D35CE2AC5C34096531F476B6 /* Pods-JuniorMathFac.release.xcconfig */,
			);
			path = Pods;
			sourceTree = "<group>";
		};
		750864152BB0466C00A2AEBF /* TeacherController */ = {
			isa = PBXGroup;
			children = (
			);
			path = TeacherController;
			sourceTree = "<group>";
		};
		755E33912B80BEE500488ECD /* Views */ = {
			isa = PBXGroup;
			children = (
				750864152BB0466C00A2AEBF /* TeacherController */,
				755F6C182BA02D3D005B476D /* TeacherView */,
				755E33922B80BFA700488ECD /* RegistrationView.swift */,
			);
			path = Views;
			sourceTree = "<group>";
		};
		755F6C182BA02D3D005B476D /* TeacherView */ = {
			isa = PBXGroup;
			children = (
				755F6C192BA02DD9005B476D /* TMainScreenView.swift */,
				7509C1082BAB0A1100E6A573 /* TProfileSettingsView.swift */,
				755F6C372BA2C78F005B476D /* TRulesView.swift */,
			);
			path = TeacherView;
			sourceTree = "<group>";
		};
		757A8D012BB4765500E3DF74 /* UIComponents */ = {
			isa = PBXGroup;
			children = (
				757A8CFF2BB4765500E3DF74 /* CustomButton.swift */,
				757A8D002BB4765500E3DF74 /* CustomHeaderTitle.swift */,
			);
			path = UIComponents;
			sourceTree = "<group>";
		};
		75B38DF22B0B534A000CF6EF = {
			isa = PBXGroup;
			children = (
				75B38DFD2B0B534A000CF6EF /* JuniorMathFac */,
				75B38DFC2B0B534A000CF6EF /* Products */,
				6BAF68981125FCAF5AA01F08 /* Pods */,
				14CF9CCA6E1B745809F5B2DB /* Frameworks */,
			);
			sourceTree = "<group>";
		};
		75B38DFC2B0B534A000CF6EF /* Products */ = {
			isa = PBXGroup;
			children = (
				75B38DFB2B0B534A000CF6EF /* JuniorMathFac.app */,
			);
			name = Products;
			sourceTree = "<group>";
		};
		75B38DFD2B0B534A000CF6EF /* JuniorMathFac */ = {
			isa = PBXGroup;
			children = (
				757A8D012BB4765500E3DF74 /* UIComponents */,
				755E33912B80BEE500488ECD /* Views */,
				75B38DFE2B0B534A000CF6EF /* AppDelegate.swift */,
				75B38E002B0B534A000CF6EF /* SceneDelegate.swift */,
				75B38E022B0B534A000CF6EF /* ViewController.swift */,
				755F6C1B2BA036D2005B476D /* Assets.xcassets */,
				75B38E092B0B534D000CF6EF /* LaunchScreen.storyboard */,
				75B38E0C2B0B534D000CF6EF /* Info.plist */,
			);
			path = JuniorMathFac;
			sourceTree = "<group>";
		};
/* End PBXGroup section */

/* Begin PBXNativeTarget section */
		75B38DFA2B0B534A000CF6EF /* JuniorMathFac */ = {
			isa = PBXNativeTarget;
			buildConfigurationList = 75B38E0F2B0B534D000CF6EF /* Build configuration list for PBXNativeTarget "JuniorMathFac" */;
			buildPhases = (
				99790048C0438A8CCA57B759 /* [CP] Check Pods Manifest.lock */,
				75B38DF72B0B534A000CF6EF /* Sources */,
				75B38DF82B0B534A000CF6EF /* Frameworks */,
				75B38DF92B0B534A000CF6EF /* Resources */,
				488178B897FDA81B6B91435A /* [CP] Embed Pods Frameworks */,
			);
			buildRules = (
			);
			dependencies = (
			);
			name = JuniorMathFac;
			productName = JuniorMathFac;
			productReference = 75B38DFB2B0B534A000CF6EF /* JuniorMathFac.app */;
			productType = "com.apple.product-type.application";
		};
/* End PBXNativeTarget section */

/* Begin PBXProject section */
		75B38DF32B0B534A000CF6EF /* Project object */ = {
			isa = PBXProject;
			attributes = {
				BuildIndependentTargetsInParallel = 1;
				LastSwiftUpdateCheck = 1500;
				LastUpgradeCheck = 1500;
				TargetAttributes = {
					75B38DFA2B0B534A000CF6EF = {
						CreatedOnToolsVersion = 15.0.1;
					};
				};
			};
			buildConfigurationList = 75B38DF62B0B534A000CF6EF /* Build configuration list for PBXProject "JuniorMathFac" */;
			compatibilityVersion = "Xcode 14.0";
			developmentRegion = en;
			hasScannedForEncodings = 0;
			knownRegions = (
				en,
				Base,
			);
			mainGroup = 75B38DF22B0B534A000CF6EF;
			productRefGroup = 75B38DFC2B0B534A000CF6EF /* Products */;
			projectDirPath = "";
			projectRoot = "";
			targets = (
				75B38DFA2B0B534A000CF6EF /* JuniorMathFac */,
			);
		};
/* End PBXProject section */

/* Begin PBXResourcesBuildPhase section */
		75B38DF92B0B534A000CF6EF /* Resources */ = {
			isa = PBXResourcesBuildPhase;
			buildActionMask = 2147483647;
			files = (
				755F6C1C2BA036D2005B476D /* Assets.xcassets in Resources */,
				75B38E0B2B0B534D000CF6EF /* LaunchScreen.storyboard in Resources */,
			);
			runOnlyForDeploymentPostprocessing = 0;
		};
/* End PBXResourcesBuildPhase section */

/* Begin PBXShellScriptBuildPhase section */
		488178B897FDA81B6B91435A /* [CP] Embed Pods Frameworks */ = {
			isa = PBXShellScriptBuildPhase;
			buildActionMask = 2147483647;
			files = (
			);
			inputFileListPaths = (
				"${PODS_ROOT}/Target Support Files/Pods-JuniorMathFac/Pods-JuniorMathFac-frameworks-${CONFIGURATION}-input-files.xcfilelist",
			);
			name = "[CP] Embed Pods Frameworks";
			outputFileListPaths = (
				"${PODS_ROOT}/Target Support Files/Pods-JuniorMathFac/Pods-JuniorMathFac-frameworks-${CONFIGURATION}-output-files.xcfilelist",
			);
			runOnlyForDeploymentPostprocessing = 0;
			shellPath = /bin/sh;
			shellScript = "\"${PODS_ROOT}/Target Support Files/Pods-JuniorMathFac/Pods-JuniorMathFac-frameworks.sh\"\n";
			showEnvVarsInLog = 0;
		};
		99790048C0438A8CCA57B759 /* [CP] Check Pods Manifest.lock */ = {
			isa = PBXShellScriptBuildPhase;
			buildActionMask = 2147483647;
			files = (
			);
			inputFileListPaths = (
			);
			inputPaths = (
				"${PODS_PODFILE_DIR_PATH}/Podfile.lock",
				"${PODS_ROOT}/Manifest.lock",
			);
			name = "[CP] Check Pods Manifest.lock";
			outputFileListPaths = (
			);
			outputPaths = (
				"$(DERIVED_FILE_DIR)/Pods-JuniorMathFac-checkManifestLockResult.txt",
			);
			runOnlyForDeploymentPostprocessing = 0;
			shellPath = /bin/sh;
			shellScript = "diff \"${PODS_PODFILE_DIR_PATH}/Podfile.lock\" \"${PODS_ROOT}/Manifest.lock\" > /dev/null\nif [ $? != 0 ] ; then\n    # print error to STDERR\n    echo \"error: The sandbox is not in sync with the Podfile.lock. Run 'pod install' or update your CocoaPods installation.\" >&2\n    exit 1\nfi\n# This output is used by Xcode 'outputs' to avoid re-running this script phase.\necho \"SUCCESS\" > \"${SCRIPT_OUTPUT_FILE_0}\"\n";
			showEnvVarsInLog = 0;
		};
/* End PBXShellScriptBuildPhase section */

/* Begin PBXSourcesBuildPhase section */
		75B38DF72B0B534A000CF6EF /* Sources */ = {
			isa = PBXSourcesBuildPhase;
			buildActionMask = 2147483647;
			files = (
				755F6C1A2BA02DD9005B476D /* TMainScreenView.swift in Sources */,
				75B38E032B0B534A000CF6EF /* ViewController.swift in Sources */,
				7509C1092BAB0A1100E6A573 /* TProfileSettingsView.swift in Sources */,
				75B38DFF2B0B534A000CF6EF /* AppDelegate.swift in Sources */,
				757A8D022BB4765500E3DF74 /* CustomButton.swift in Sources */,
				755F6C382BA2C78F005B476D /* TRulesView.swift in Sources */,
				75B38E012B0B534A000CF6EF /* SceneDelegate.swift in Sources */,
				757A8D032BB4765500E3DF74 /* CustomHeaderTitle.swift in Sources */,
				755E33932B80BFA700488ECD /* RegistrationView.swift in Sources */,
			);
			runOnlyForDeploymentPostprocessing = 0;
		};
/* End PBXSourcesBuildPhase section */

/* Begin PBXVariantGroup section */
		75B38E092B0B534D000CF6EF /* LaunchScreen.storyboard */ = {
			isa = PBXVariantGroup;
			children = (
				75B38E0A2B0B534D000CF6EF /* Base */,
			);
			name = LaunchScreen.storyboard;
			sourceTree = "<group>";
		};
/* End PBXVariantGroup section */

/* Begin XCBuildConfiguration section */
		75B38E0D2B0B534D000CF6EF /* Debug */ = {
			isa = XCBuildConfiguration;
			buildSettings = {
				ALWAYS_SEARCH_USER_PATHS = NO;
				ASSETCATALOG_COMPILER_GENERATE_SWIFT_ASSET_SYMBOL_EXTENSIONS = YES;
				CLANG_ANALYZER_NONNULL = YES;
				CLANG_ANALYZER_NUMBER_OBJECT_CONVERSION = YES_AGGRESSIVE;
				CLANG_CXX_LANGUAGE_STANDARD = "gnu++20";
				CLANG_ENABLE_MODULES = YES;
				CLANG_ENABLE_OBJC_ARC = YES;
				CLANG_ENABLE_OBJC_WEAK = YES;
				CLANG_WARN_BLOCK_CAPTURE_AUTORELEASING = YES;
				CLANG_WARN_BOOL_CONVERSION = YES;
				CLANG_WARN_COMMA = YES;
				CLANG_WARN_CONSTANT_CONVERSION = YES;
				CLANG_WARN_DEPRECATED_OBJC_IMPLEMENTATIONS = YES;
				CLANG_WARN_DIRECT_OBJC_ISA_USAGE = YES_ERROR;
				CLANG_WARN_DOCUMENTATION_COMMENTS = YES;
				CLANG_WARN_EMPTY_BODY = YES;
				CLANG_WARN_ENUM_CONVERSION = YES;
				CLANG_WARN_INFINITE_RECURSION = YES;
				CLANG_WARN_INT_CONVERSION = YES;
				CLANG_WARN_NON_LITERAL_NULL_CONVERSION = YES;
				CLANG_WARN_OBJC_IMPLICIT_RETAIN_SELF = YES;
				CLANG_WARN_OBJC_LITERAL_CONVERSION = YES;
				CLANG_WARN_OBJC_ROOT_CLASS = YES_ERROR;
				CLANG_WARN_QUOTED_INCLUDE_IN_FRAMEWORK_HEADER = YES;
				CLANG_WARN_RANGE_LOOP_ANALYSIS = YES;
				CLANG_WARN_STRICT_PROTOTYPES = YES;
				CLANG_WARN_SUSPICIOUS_MOVE = YES;
				CLANG_WARN_UNGUARDED_AVAILABILITY = YES_AGGRESSIVE;
				CLANG_WARN_UNREACHABLE_CODE = YES;
				CLANG_WARN__DUPLICATE_METHOD_MATCH = YES;
				COPY_PHASE_STRIP = NO;
				DEBUG_INFORMATION_FORMAT = dwarf;
				ENABLE_STRICT_OBJC_MSGSEND = YES;
				ENABLE_TESTABILITY = YES;
				ENABLE_USER_SCRIPT_SANDBOXING = NO;
				GCC_C_LANGUAGE_STANDARD = gnu17;
				GCC_DYNAMIC_NO_PIC = NO;
				GCC_NO_COMMON_BLOCKS = YES;
				GCC_OPTIMIZATION_LEVEL = 0;
				GCC_PREPROCESSOR_DEFINITIONS = (
					"DEBUG=1",
					"$(inherited)",
				);
				GCC_WARN_64_TO_32_BIT_CONVERSION = YES;
				GCC_WARN_ABOUT_RETURN_TYPE = YES_ERROR;
				GCC_WARN_UNDECLARED_SELECTOR = YES;
				GCC_WARN_UNINITIALIZED_AUTOS = YES_AGGRESSIVE;
				GCC_WARN_UNUSED_FUNCTION = YES;
				GCC_WARN_UNUSED_VARIABLE = YES;
				IPHONEOS_DEPLOYMENT_TARGET = 15.0;
				LOCALIZATION_PREFERS_STRING_CATALOGS = YES;
				MTL_ENABLE_DEBUG_INFO = INCLUDE_SOURCE;
				MTL_FAST_MATH = YES;
				ONLY_ACTIVE_ARCH = YES;
				SDKROOT = iphoneos;
				SWIFT_ACTIVE_COMPILATION_CONDITIONS = "DEBUG $(inherited)";
				SWIFT_OPTIMIZATION_LEVEL = "-Onone";
			};
			name = Debug;
		};
		75B38E0E2B0B534D000CF6EF /* Release */ = {
			isa = XCBuildConfiguration;
			buildSettings = {
				ALWAYS_SEARCH_USER_PATHS = NO;
				ASSETCATALOG_COMPILER_GENERATE_SWIFT_ASSET_SYMBOL_EXTENSIONS = YES;
				CLANG_ANALYZER_NONNULL = YES;
				CLANG_ANALYZER_NUMBER_OBJECT_CONVERSION = YES_AGGRESSIVE;
				CLANG_CXX_LANGUAGE_STANDARD = "gnu++20";
				CLANG_ENABLE_MODULES = YES;
				CLANG_ENABLE_OBJC_ARC = YES;
				CLANG_ENABLE_OBJC_WEAK = YES;
				CLANG_WARN_BLOCK_CAPTURE_AUTORELEASING = YES;
				CLANG_WARN_BOOL_CONVERSION = YES;
				CLANG_WARN_COMMA = YES;
				CLANG_WARN_CONSTANT_CONVERSION = YES;
				CLANG_WARN_DEPRECATED_OBJC_IMPLEMENTATIONS = YES;
				CLANG_WARN_DIRECT_OBJC_ISA_USAGE = YES_ERROR;
				CLANG_WARN_DOCUMENTATION_COMMENTS = YES;
				CLANG_WARN_EMPTY_BODY = YES;
				CLANG_WARN_ENUM_CONVERSION = YES;
				CLANG_WARN_INFINITE_RECURSION = YES;
				CLANG_WARN_INT_CONVERSION = YES;
				CLANG_WARN_NON_LITERAL_NULL_CONVERSION = YES;
				CLANG_WARN_OBJC_IMPLICIT_RETAIN_SELF = YES;
				CLANG_WARN_OBJC_LITERAL_CONVERSION = YES;
				CLANG_WARN_OBJC_ROOT_CLASS = YES_ERROR;
				CLANG_WARN_QUOTED_INCLUDE_IN_FRAMEWORK_HEADER = YES;
				CLANG_WARN_RANGE_LOOP_ANALYSIS = YES;
				CLANG_WARN_STRICT_PROTOTYPES = YES;
				CLANG_WARN_SUSPICIOUS_MOVE = YES;
				CLANG_WARN_UNGUARDED_AVAILABILITY = YES_AGGRESSIVE;
				CLANG_WARN_UNREACHABLE_CODE = YES;
				CLANG_WARN__DUPLICATE_METHOD_MATCH = YES;
				COPY_PHASE_STRIP = NO;
				DEBUG_INFORMATION_FORMAT = "dwarf-with-dsym";
				ENABLE_NS_ASSERTIONS = NO;
				ENABLE_STRICT_OBJC_MSGSEND = YES;
				ENABLE_USER_SCRIPT_SANDBOXING = NO;
				GCC_C_LANGUAGE_STANDARD = gnu17;
				GCC_NO_COMMON_BLOCKS = YES;
				GCC_WARN_64_TO_32_BIT_CONVERSION = YES;
				GCC_WARN_ABOUT_RETURN_TYPE = YES_ERROR;
				GCC_WARN_UNDECLARED_SELECTOR = YES;
				GCC_WARN_UNINITIALIZED_AUTOS = YES_AGGRESSIVE;
				GCC_WARN_UNUSED_FUNCTION = YES;
				GCC_WARN_UNUSED_VARIABLE = YES;
				IPHONEOS_DEPLOYMENT_TARGET = 15.0;
				LOCALIZATION_PREFERS_STRING_CATALOGS = YES;
				MTL_ENABLE_DEBUG_INFO = NO;
				MTL_FAST_MATH = YES;
				SDKROOT = iphoneos;
				SWIFT_COMPILATION_MODE = wholemodule;
				VALIDATE_PRODUCT = YES;
			};
			name = Release;
		};
		75B38E102B0B534D000CF6EF /* Debug */ = {
			isa = XCBuildConfiguration;
			baseConfigurationReference = B953FC961EC183AA4A3B230E /* Pods-JuniorMathFac.debug.xcconfig */;
			buildSettings = {
				ASSETCATALOG_COMPILER_APPICON_NAME = AppIcon;
				ASSETCATALOG_COMPILER_GLOBAL_ACCENT_COLOR_NAME = AccentColor;
				CODE_SIGN_STYLE = Automatic;
				CURRENT_PROJECT_VERSION = 1;
				DEVELOPMENT_TEAM = S7DZ5Y7M7U;
				GENERATE_INFOPLIST_FILE = YES;
				INFOPLIST_FILE = JuniorMathFac/Info.plist;
				INFOPLIST_KEY_UIApplicationSupportsIndirectInputEvents = YES;
				INFOPLIST_KEY_UILaunchStoryboardName = LaunchScreen;
				INFOPLIST_KEY_UIStatusBarStyle = "";
				INFOPLIST_KEY_UISupportedInterfaceOrientations_iPad = "UIInterfaceOrientationPortrait UIInterfaceOrientationPortraitUpsideDown UIInterfaceOrientationLandscapeLeft UIInterfaceOrientationLandscapeRight";
				INFOPLIST_KEY_UISupportedInterfaceOrientations_iPhone = "UIInterfaceOrientationPortrait UIInterfaceOrientationLandscapeLeft UIInterfaceOrientationLandscapeRight";
				IPHONEOS_DEPLOYMENT_TARGET = 15.0;
				LD_RUNPATH_SEARCH_PATHS = (
					"$(inherited)",
					"@executable_path/Frameworks",
				);
				MARKETING_VERSION = 1.0;
				PRODUCT_BUNDLE_IDENTIFIER = com.Test.JuniorMathFac;
				PRODUCT_NAME = "$(TARGET_NAME)";
				SWIFT_EMIT_LOC_STRINGS = YES;
				SWIFT_VERSION = 5.0;
				TARGETED_DEVICE_FAMILY = "1,2";
			};
			name = Debug;
		};
		75B38E112B0B534D000CF6EF /* Release */ = {
			isa = XCBuildConfiguration;
			baseConfigurationReference = D35CE2AC5C34096531F476B6 /* Pods-JuniorMathFac.release.xcconfig */;
			buildSettings = {
				ASSETCATALOG_COMPILER_APPICON_NAME = AppIcon;
				ASSETCATALOG_COMPILER_GLOBAL_ACCENT_COLOR_NAME = AccentColor;
				CODE_SIGN_STYLE = Automatic;
				CURRENT_PROJECT_VERSION = 1;
				DEVELOPMENT_TEAM = S7DZ5Y7M7U;
				GENERATE_INFOPLIST_FILE = YES;
				INFOPLIST_FILE = JuniorMathFac/Info.plist;
				INFOPLIST_KEY_UIApplicationSupportsIndirectInputEvents = YES;
				INFOPLIST_KEY_UILaunchStoryboardName = LaunchScreen;
				INFOPLIST_KEY_UIStatusBarStyle = "";
				INFOPLIST_KEY_UISupportedInterfaceOrientations_iPad = "UIInterfaceOrientationPortrait UIInterfaceOrientationPortraitUpsideDown UIInterfaceOrientationLandscapeLeft UIInterfaceOrientationLandscapeRight";
				INFOPLIST_KEY_UISupportedInterfaceOrientations_iPhone = "UIInterfaceOrientationPortrait UIInterfaceOrientationLandscapeLeft UIInterfaceOrientationLandscapeRight";
				IPHONEOS_DEPLOYMENT_TARGET = 15.0;
				LD_RUNPATH_SEARCH_PATHS = (
					"$(inherited)",
					"@executable_path/Frameworks",
				);
				MARKETING_VERSION = 1.0;
				PRODUCT_BUNDLE_IDENTIFIER = com.Test.JuniorMathFac;
				PRODUCT_NAME = "$(TARGET_NAME)";
				SWIFT_EMIT_LOC_STRINGS = YES;
				SWIFT_VERSION = 5.0;
				TARGETED_DEVICE_FAMILY = "1,2";
			};
			name = Release;
		};
/* End XCBuildConfiguration section */

/* Begin XCConfigurationList section */
		75B38DF62B0B534A000CF6EF /* Build configuration list for PBXProject "JuniorMathFac" */ = {
			isa = XCConfigurationList;
			buildConfigurations = (
				75B38E0D2B0B534D000CF6EF /* Debug */,
				75B38E0E2B0B534D000CF6EF /* Release */,
			);
			defaultConfigurationIsVisible = 0;
			defaultConfigurationName = Release;
		};
		75B38E0F2B0B534D000CF6EF /* Build configuration list for PBXNativeTarget "JuniorMathFac" */ = {
			isa = XCConfigurationList;
			buildConfigurations = (
				75B38E102B0B534D000CF6EF /* Debug */,
				75B38E112B0B534D000CF6EF /* Release */,
			);
			defaultConfigurationIsVisible = 0;
			defaultConfigurationName = Release;
		};
/* End XCConfigurationList section */
	};
	rootObject = 75B38DF32B0B534A000CF6EF /* Project object */;
}
